# THIS IS AN AUTOGENERATED FILE. DO NOT EDIT THIS FILE DIRECTLY.
# yarn lockfile v1


moment@^2.29.2:
  version "2.29.2"
  resolved "https://registry.yarnpkg.com/moment/-/moment-2.29.2.tgz#00910c60b20843bcba52d37d58c628b47b1f20e4"
  integrity sha512-UgzG4rvxYpN15jgCmVJwac49h9ly9NurikMWGPdVxm8GZD6XjkKPxDTjQQ43gtGgnV3X0cAyWDdP2Wexoquifg==

store@^2.0.12:
  version "2.0.12"
  resolved "https://registry.npm.taobao.org/store/download/store-2.0.12.tgz#8c534e2a0b831f72b75fc5f1119857c44ef5d593"
  integrity sha1-jFNOKguDH3K3X8XxEZhXxE711ZM=

weui-miniprogram@^0.2.1:
  version "0.2.1"
  resolved "https://registry.npm.taobao.org/weui-miniprogram/download/weui-miniprogram-0.2.1.tgz#419c09d3c0043854cbdcdd411727bbea814cdf48"
  integrity sha1-QZwJ08AEOFTL3N1BFye76oFM30g=
